{
  "name": "entity-etl",
  "version": "0.0.1",
  "lockfileVersion": 1,
  "requires": true,
  "dependencies": {
    "commander": {
      "version": "2.20.3",
      "resolved": "https://registry.npmjs.org/commander/-/commander-2.20.3.tgz",
      "integrity": "sha512-GpVkmM8vF2vQUkj2LvZmD35JxeJOLCwJ9cUkugyk2nuhbv3+mJvpLYYt+0+USMxE+oj+ey/lJEnhZw75x/OMcQ==",
      "optional": true
    },
    "handlebars": {
      "version": "4.7.6",
      "resolved": "https://registry.npmjs.org/handlebars/-/handlebars-4.7.6.tgz",
      "integrity": "sha512-1f2BACcBfiwAfStCKZNrUCgqNZkGsAT7UM3kkYtXuLo0KnaVfjKOyf7PRzB6++aK9STyT1Pd2ZCPe3EGOXleXA==",
      "requires": {
        "minimist": "^1.2.5",
        "neo-async": "^2.6.0",
        "source-map": "^0.6.1",
        "uglify-js": "^3.1.4",
        "wordwrap": "^1.0.0"
      }
    },
    "lodash.isequal": {
      "version": "4.5.0",
      "resolved": "https://registry.npmjs.org/lodash.isequal/-/lodash.isequal-4.5.0.tgz",
      "integrity": "sha1-QVxEePK8wwEgwizhDtMib30+GOA="
    },
    "lodash.omit": {
      "version": "4.5.0",
      "resolved": "https://registry.npmjs.org/lodash.omit/-/lodash.omit-4.5.0.tgz",
      "integrity": "sha1-brGa5aHuHdnfC5aeZs4Lf6MLXmA="
    },
    "loglevel": {
      "version": "1.6.8",
      "resolved": "https://registry.npmjs.org/loglevel/-/loglevel-1.6.8.tgz",
      "integrity": "sha512-bsU7+gc9AJ2SqpzxwU3+1fedl8zAntbtC5XYlt3s2j1hJcn2PsXSmgN8TaLG/J1/2mod4+cE/3vNL70/c1RNCA=="
    },
    "minimist": {
      "version": "1.2.5",
      "resolved": "https://registry.npmjs.org/minimist/-/minimist-1.2.5.tgz",
      "integrity": "sha512-FM9nNUYrRBAELZQT3xeZQ7fmMOBg6nWNmJKTcgsJeaLstP/UODVpGsr5OhXhhXg6f+qtJ8uiZ+PUxkDWcgIXLw=="
    },
    "neo-async": {
      "version": "2.6.1",
      "resolved": "https://registry.npmjs.org/neo-async/-/neo-async-2.6.1.tgz",
      "integrity": "sha512-iyam8fBuCUpWeKPGpaNMetEocMt364qkCsfL9JuhjXX6dRnguRVOfk2GZaDpPjcOKiiXCPINZC1GczQ7iTq3Zw=="
    },
    "node-fetch": {
      "version": "2.6.0",
      "resolved": "https://registry.npmjs.org/node-fetch/-/node-fetch-2.6.0.tgz",
      "integrity": "sha512-8dG4H5ujfvFiqDmVu9fQ5bOHUC15JMjMY/Zumv26oOvvVJjM67KF8koCWIabKQ1GJIa9r2mMZscBq/TbdOcmNA=="
    },
    "source-map": {
      "version": "0.6.1",
      "resolved": "https://registry.npmjs.org/source-map/-/source-map-0.6.1.tgz",
      "integrity": "sha512-UjgapumWlbMhkBgzT7Ykc5YXUT46F0iKu8SGXq0bcwP5dz/h0Plj6enJqjz1Zbq2l5WaqYnrVbwWOWMyF3F47g=="
    },
    "uglify-js": {
      "version": "3.9.2",
      "resolved": "https://registry.npmjs.org/uglify-js/-/uglify-js-3.9.2.tgz",
      "integrity": "sha512-zGVwKslUAD/EeqOrD1nQaBmXIHl1Vw371we8cvS8I6mYK9rmgX5tv8AAeJdfsQ3Kk5mGax2SVV/AizxdNGhl7Q==",
      "optional": true,
      "requires": {
        "commander": "~2.20.3"
      }
    },
    "wordwrap": {
      "version": "1.0.0",
      "resolved": "https://registry.npmjs.org/wordwrap/-/wordwrap-1.0.0.tgz",
      "integrity": "sha1-J1hIEIkUVqQXHI0CJkQa3pDLyus="
    }
  }
}
